
Microsoft Visual Studio Solution File, Format Version 12.00
# Visual Studio 15
VisualStudioVersion = 15.0.26730.16
MinimumVisualStudioVersion = 10.0.40219.1
Project("{FAE04EC0-301F-11D3-BF4B-00C04F79EFBC}") = "VACI_Extension", "VACI_Extension\VACI_Extension.csproj", "{6013FDAD-0C91-43B1-90F6-EBDC20CF9D99}"
EndProject
Global
	GlobalSection(SolutionConfigurationPlatforms) = preSolution
		Debug|Any CPU = Debug|Any CPU
		Release|Any CPU = Release|Any CPU
	EndGlobalSection
	GlobalSection(ProjectConfigurationPlatforms) = postSolution
		{6013FDAD-0C91-43B1-90F6-EBDC20CF9D99}.Debug|Any CPU.ActiveCfg = Debug|Any CPU
		{6013FDAD-0C91-43B1-90F6-EBDC20CF9D99}.Debug|Any CPU.Build.0 = Debug|Any CPU
		{6013FDAD-0C91-43B1-90F6-EBDC20CF9D99}.Release|Any CPU.ActiveCfg = Release|Any CPU
		{6013FDAD-0C91-43B1-90F6-EBDC20CF9D99}.Release|Any CPU.Build.0 = Release|Any CPU
	EndGlobalSection
	GlobalSection(SolutionProperties) = preSolution
		HideSolutionNode = FALSE
	EndGlobalSection
	GlobalSection(ExtensibilityGlobals) = postSolution
		SolutionGuid = {F6AB77E2-764D-43A2-AEEE-7100B8E0FD8F}
	EndGlobalSection
EndGlobal
